
Microsoft Visual Studio Solution File, Format Version 12.00
# Visual Studio Version 17
VisualStudioVersion = 17.9.34728.123
MinimumVisualStudioVersion = 10.0.40219.1
Project("{FAE04EC0-301F-11D3-BF4B-00C04F79EFBC}") = "calt", "calt\calt.csproj", "{5DAB5E58-0ECC-483A-813E-0ABC4C0302A1}"
EndProject
Global
	GlobalSection(SolutionConfigurationPlatforms) = preSolution
		Debug|Any CPU = Debug|Any CPU
		Release|Any CPU = Release|Any CPU
	EndGlobalSection
	GlobalSection(ProjectConfigurationPlatforms) = postSolution
		{5DAB5E58-0ECC-483A-813E-0ABC4C0302A1}.Debug|Any CPU.ActiveCfg = Debug|Any CPU
		{5DAB5E58-0ECC-483A-813E-0ABC4C0302A1}.Debug|Any CPU.Build.0 = Debug|Any CPU
		{5DAB5E58-0ECC-483A-813E-0ABC4C0302A1}.Release|Any CPU.ActiveCfg = Release|Any CPU
		{5DAB5E58-0ECC-483A-813E-0ABC4C0302A1}.Release|Any CPU.Build.0 = Release|Any CPU
	EndGlobalSection
	GlobalSection(SolutionProperties) = preSolution
		HideSolutionNode = FALSE
	EndGlobalSection
	GlobalSection(ExtensibilityGlobals) = postSolution
		SolutionGuid = {A9FCC504-C297-4BBE-8535-CEA9D8BBBA2F}
	EndGlobalSection
EndGlobal
